{
  "version": 4,
  "terraform_version": "1.1.9",
  "serial": 2,
  "lineage": "efa408b6-c0f5-97a8-ae75-c27df32d7e3c",
  "outputs": {},
  "resources": [
    {
      "mode": "managed",
      "type": "aws_connect_instance",
      "name": "commerce",
      "provider": "provider[\"registry.terraform.io/hashicorp/aws\"]",
      "instances": [
        {
          "schema_version": 0,
          "attributes": {
            "arn": "arn:aws:connect:us-west-2:313127153659:instance/dcfe40e8-a4b5-4994-8cba-557429ad678a",
            "auto_resolve_best_voices_enabled": false,
            "contact_flow_logs_enabled": true,
            "contact_lens_enabled": true,
            "created_time": "2022-05-19T17:12:07Z",
            "directory_id": null,
            "early_media_enabled": true,
            "id": "dcfe40e8-a4b5-4994-8cba-557429ad678a",
            "identity_management_type": "CONNECT_MANAGED",
            "inbound_calls_enabled": true,
            "instance_alias": "commerce-connect",
            "outbound_calls_enabled": true,
            "service_role": "arn:aws:iam::313127153659:role/aws-service-role/connect.amazonaws.com/AWSServiceRoleForAmazonConnect_vu3nUkn44xBzaiRZP1Wv",
            "status": "ACTIVE",
            "timeouts": null
          },
          "sensitive_attributes": [],
          "private": "eyJlMmJmYjczMC1lY2FhLTExZTYtOGY4OC0zNDM2M2JjN2M0YzAiOnsiY3JlYXRlIjozMDAwMDAwMDAwMDAsImRlbGV0ZSI6MzAwMDAwMDAwMDAwfX0="
        }
      ]
    }
  ]
}
