{
  "version": 4,
  "terraform_version": "1.1.9",
  "serial": 9,
  "lineage": "efa408b6-c0f5-97a8-ae75-c27df32d7e3c",
  "outputs": {},
  "resources": [
    {
      "mode": "data",
      "type": "aws_region",
      "name": "current",
      "provider": "provider[\"registry.terraform.io/hashicorp/aws\"]",
      "instances": [
        {
          "schema_version": 0,
          "attributes": {
            "description": "US West (Oregon)",
            "endpoint": "ec2.us-west-2.amazonaws.com",
            "id": "us-west-2",
            "name": "us-west-2"
          },
          "sensitive_attributes": []
        }
      ]
    },
    {
      "mode": "managed",
      "type": "aws_connect_bot_association",
      "name": "commerce-inbound-order",
      "provider": "provider[\"registry.terraform.io/hashicorp/aws\"]",
      "instances": [
        {
          "schema_version": 0,
          "attributes": {
            "id": "dcfe40e8-a4b5-4994-8cba-557429ad678a:connect_commerce_lex_bot:us-west-2",
            "instance_id": "dcfe40e8-a4b5-4994-8cba-557429ad678a",
            "lex_bot": [
              {
                "lex_region": "us-west-2",
                "name": "connect_commerce_lex_bot"
              }
            ]
          },
          "sensitive_attributes": [],
          "private": "bnVsbA==",
          "dependencies": [
            "aws_connect_instance.commerce",
            "aws_lex_bot.commerce-inbound-order",
            "aws_lex_intent.commerce-inbound-order",
            "data.aws_region.current"
          ]
        }
      ]
    },
    {
      "mode": "managed",
      "type": "aws_connect_contact_flow",
      "name": "commerce-inbound-default",
      "provider": "provider[\"registry.terraform.io/hashicorp/aws\"]",
      "instances": [
        {
          "schema_version": 0,
          "attributes": {
            "arn": "arn:aws:connect:us-west-2:313127153659:instance/dcfe40e8-a4b5-4994-8cba-557429ad678a/contact-flow/7c515058-255c-4c98-9154-1e61fd5cecf9",
            "contact_flow_id": "7c515058-255c-4c98-9154-1e61fd5cecf9",
            "content": "       {\n       \"Version\": \"2019-10-30\",\n       \"StartAction\": \"ACTION001\",\n       \"Actions\": [ \n         {\n           \"Identifier\": \"ACTION001\",\n           \"Type\": \"MessageParticipant\",\n           \"Transitions\": {\n             \"NextAction\": \"ACTION900\",\n             \"Errors\": [],\n             \"Conditions\": []\n           },\n           \"Parameters\": {\n             \"Text\": \"Welcome to Commerce Company.\"\n           }\n         },\n         {\n           \"Identifier\": \"ACTION900\",\n           \"Type\": \"DisconnectParticipant\",\n           \"Transitions\": {},\n           \"Parameters\": {}\n         }\n       ]\n     }\n",
            "content_hash": null,
            "description": "Default inbound call flow",
            "filename": null,
            "id": "dcfe40e8-a4b5-4994-8cba-557429ad678a:7c515058-255c-4c98-9154-1e61fd5cecf9",
            "instance_id": "dcfe40e8-a4b5-4994-8cba-557429ad678a",
            "name": "Commerce Inbound Flow",
            "tags": {
              "Name": "Commerce Inbound Flow"
            },
            "tags_all": {
              "Name": "Commerce Inbound Flow"
            },
            "timeouts": null,
            "type": "CONTACT_FLOW"
          },
          "sensitive_attributes": [],
          "private": "eyJlMmJmYjczMC1lY2FhLTExZTYtOGY4OC0zNDM2M2JjN2M0YzAiOnsiY3JlYXRlIjozMDAwMDAwMDAwMDAsInVwZGF0ZSI6MzAwMDAwMDAwMDAwfX0=",
          "dependencies": [
            "aws_connect_instance.commerce"
          ]
        }
      ]
    },
    {
      "mode": "managed",
      "type": "aws_connect_instance",
      "name": "commerce",
      "provider": "provider[\"registry.terraform.io/hashicorp/aws\"]",
      "instances": [
        {
          "schema_version": 0,
          "attributes": {
            "arn": "arn:aws:connect:us-west-2:313127153659:instance/dcfe40e8-a4b5-4994-8cba-557429ad678a",
            "auto_resolve_best_voices_enabled": false,
            "contact_flow_logs_enabled": true,
            "contact_lens_enabled": true,
            "created_time": "2022-05-19T17:12:07Z",
            "directory_id": null,
            "early_media_enabled": true,
            "id": "dcfe40e8-a4b5-4994-8cba-557429ad678a",
            "identity_management_type": "CONNECT_MANAGED",
            "inbound_calls_enabled": true,
            "instance_alias": "commerce-connect",
            "outbound_calls_enabled": true,
            "service_role": "arn:aws:iam::313127153659:role/aws-service-role/connect.amazonaws.com/AWSServiceRoleForAmazonConnect_vu3nUkn44xBzaiRZP1Wv",
            "status": "ACTIVE",
            "timeouts": null
          },
          "sensitive_attributes": [],
          "private": "eyJlMmJmYjczMC1lY2FhLTExZTYtOGY4OC0zNDM2M2JjN2M0YzAiOnsiY3JlYXRlIjozMDAwMDAwMDAwMDAsImRlbGV0ZSI6MzAwMDAwMDAwMDAwfX0="
        }
      ]
    },
    {
      "mode": "managed",
      "type": "aws_lex_bot",
      "name": "commerce-inbound-order",
      "provider": "provider[\"registry.terraform.io/hashicorp/aws\"]",
      "instances": [
        {
          "schema_version": 0,
          "attributes": {
            "abort_statement": [
              {
                "message": [
                  {
                    "content": "Sorry, I am not able to assist at this time",
                    "content_type": "PlainText",
                    "group_number": 0
                  }
                ],
                "response_card": ""
              }
            ],
            "arn": "arn:aws:lex:us-west-2:313127153659:bot:connect_commerce_lex_bot",
            "checksum": "9b339b9a-2df3-41a5-8ee9-1366264d13ba",
            "child_directed": false,
            "clarification_prompt": [
              {
                "max_attempts": 2,
                "message": [
                  {
                    "content": "I didn't understand you, what would you like to do?",
                    "content_type": "PlainText",
                    "group_number": 0
                  }
                ],
                "response_card": ""
              }
            ],
            "create_version": false,
            "created_date": "2022-05-20T19:49:17Z",
            "description": "",
            "detect_sentiment": false,
            "enable_model_improvements": false,
            "failure_reason": "",
            "id": "connect_commerce_lex_bot",
            "idle_session_ttl_in_seconds": 300,
            "intent": [
              {
                "intent_name": "connect_commerce_lex_intent",
                "intent_version": "1"
              }
            ],
            "last_updated_date": "2022-05-20T19:49:37Z",
            "locale": "en-US",
            "name": "connect_commerce_lex_bot",
            "nlu_intent_confidence_threshold": 0,
            "process_behavior": "BUILD",
            "status": "READY",
            "timeouts": null,
            "version": "$LATEST",
            "voice_id": null
          },
          "sensitive_attributes": [],
          "private": "eyJlMmJmYjczMC1lY2FhLTExZTYtOGY4OC0zNDM2M2JjN2M0YzAiOnsiY3JlYXRlIjozMDAwMDAwMDAwMDAsImRlbGV0ZSI6MzAwMDAwMDAwMDAwLCJ1cGRhdGUiOjMwMDAwMDAwMDAwMH19",
          "dependencies": [
            "aws_lex_intent.commerce-inbound-order"
          ]
        }
      ]
    },
    {
      "mode": "managed",
      "type": "aws_lex_intent",
      "name": "commerce-inbound-order",
      "provider": "provider[\"registry.terraform.io/hashicorp/aws\"]",
      "instances": [
        {
          "schema_version": 0,
          "attributes": {
            "arn": "arn:aws:lex:us-west-2:313127153659:intent:connect_commerce_lex_intent",
            "checksum": "42a8b6de-934a-4da6-b400-073a8916d833",
            "conclusion_statement": [],
            "confirmation_prompt": [],
            "create_version": true,
            "created_date": "2022-05-20T19:49:16Z",
            "description": "",
            "dialog_code_hook": [],
            "follow_up_prompt": [],
            "fulfillment_activity": [
              {
                "code_hook": [],
                "type": "ReturnIntent"
              }
            ],
            "id": "connect_commerce_lex_intent",
            "last_updated_date": "2022-05-20T19:49:16Z",
            "name": "connect_commerce_lex_intent",
            "parent_intent_signature": null,
            "rejection_statement": [],
            "sample_utterances": [
              "I would like to order candies",
              "I would like to order flowers"
            ],
            "slot": [],
            "timeouts": null,
            "version": "1"
          },
          "sensitive_attributes": [],
          "private": "eyJlMmJmYjczMC1lY2FhLTExZTYtOGY4OC0zNDM2M2JjN2M0YzAiOnsiY3JlYXRlIjo2MDAwMDAwMDAwMCwiZGVsZXRlIjozMDAwMDAwMDAwMDAsInVwZGF0ZSI6NjAwMDAwMDAwMDB9fQ=="
        }
      ]
    }
  ]
}
